
Microsoft Visual Studio Solution File, Format Version 12.00
# Visual Studio Version 17
VisualStudioVersion = 17.11.35327.3
MinimumVisualStudioVersion = 10.0.40219.1
Project("{FAE04EC0-301F-11D3-BF4B-00C04F79EFBC}") = "Administration_Gagarkina", "Administration_Gagarkina\Administration_Gagarkina.csproj", "{2AA00B4E-74A8-4DF0-B0B6-392880151D64}"
EndProject
Global
	GlobalSection(SolutionConfigurationPlatforms) = preSolution
		Debug|Any CPU = Debug|Any CPU
		Release|Any CPU = Release|Any CPU
	EndGlobalSection
	GlobalSection(ProjectConfigurationPlatforms) = postSolution
		{2AA00B4E-74A8-4DF0-B0B6-392880151D64}.Debug|Any CPU.ActiveCfg = Debug|Any CPU
		{2AA00B4E-74A8-4DF0-B0B6-392880151D64}.Debug|Any CPU.Build.0 = Debug|Any CPU
		{2AA00B4E-74A8-4DF0-B0B6-392880151D64}.Release|Any CPU.ActiveCfg = Release|Any CPU
		{2AA00B4E-74A8-4DF0-B0B6-392880151D64}.Release|Any CPU.Build.0 = Release|Any CPU
	EndGlobalSection
	GlobalSection(SolutionProperties) = preSolution
		HideSolutionNode = FALSE
	EndGlobalSection
	GlobalSection(ExtensibilityGlobals) = postSolution
		SolutionGuid = {12D85D2D-EFEA-47A5-97C7-57A96469A43E}
	EndGlobalSection
EndGlobal
